{
  "name": "fibjs_redis",
  "version": "1.1.3",
  "lockfileVersion": 1,
  "requires": true,
  "dependencies": {
    "@fibjs/types": {
      "version": "0.29.0",
      "resolved": "https://registry.npmjs.org/@fibjs/types/-/types-0.29.0.tgz",
      "integrity": "sha512-qvIZqUEcTvscT+vvEtUSxLUEYI59U9BIaRwNV5SLdMHxS6A81lfhAjFir1V/CSjKVvMIkgEv/WMQeVeftSE5tQ==",
      "dev": true
    }
  }
}
