{
  "name": "fibjs_redis",
  "version": "1.0.0",
  "lockfileVersion": 1,
  "requires": true,
  "dependencies": {
    "@fibjs/types": {
      "version": "0.28.0",
      "resolved": "https://registry.npmjs.org/@fibjs/types/-/types-0.28.0.tgz",
      "integrity": "sha512-H7Mje9EjWxt/oT7Wp5L9Bq/3WoXnt39e3FcgbkPpzcXxuXT6EJ2ktUcdUYzWfL7jkKdSAJ9mFBRCvjImVLQfEg==",
      "dev": true
    },
    "redis-errors": {
      "version": "1.2.0",
      "resolved": "https://registry.npmjs.org/redis-errors/-/redis-errors-1.2.0.tgz",
      "integrity": "sha1-62LSrbFeTq9GEMBK/hUpOEJQq60="
    },
    "redis-parser": {
      "version": "3.0.0",
      "resolved": "https://registry.npmjs.org/redis-parser/-/redis-parser-3.0.0.tgz",
      "integrity": "sha1-tm2CjNyv5rS4pCin3vTGvKwxyLQ=",
      "requires": {
        "redis-errors": "^1.0.0"
      }
    }
  }
}
